
Microsoft Visual Studio Solution File, Format Version 12.00
# Visual Studio Version 17
VisualStudioVersion = 17.8.34309.116
MinimumVisualStudioVersion = 10.0.40219.1
Project("{FAE04EC0-301F-11D3-BF4B-00C04F79EFBC}") = "TextGameProject", "TextGameProject\TextGameProject.csproj", "{0B1EDD4A-87A7-4341-AC74-BC4BE97F8E0E}"
EndProject
Global
	GlobalSection(SolutionConfigurationPlatforms) = preSolution
		Debug|Any CPU = Debug|Any CPU
		Release|Any CPU = Release|Any CPU
	EndGlobalSection
	GlobalSection(ProjectConfigurationPlatforms) = postSolution
		{0B1EDD4A-87A7-4341-AC74-BC4BE97F8E0E}.Debug|Any CPU.ActiveCfg = Debug|Any CPU
		{0B1EDD4A-87A7-4341-AC74-BC4BE97F8E0E}.Debug|Any CPU.Build.0 = Debug|Any CPU
		{0B1EDD4A-87A7-4341-AC74-BC4BE97F8E0E}.Release|Any CPU.ActiveCfg = Release|Any CPU
		{0B1EDD4A-87A7-4341-AC74-BC4BE97F8E0E}.Release|Any CPU.Build.0 = Release|Any CPU
	EndGlobalSection
	GlobalSection(SolutionProperties) = preSolution
		HideSolutionNode = FALSE
	EndGlobalSection
	GlobalSection(ExtensibilityGlobals) = postSolution
		SolutionGuid = {0B560861-DE2E-4503-9BE3-7B0A15A52EE3}
	EndGlobalSection
EndGlobal
